
Microsoft Visual Studio Solution File, Format Version 12.00
# Visual Studio Version 16
VisualStudioVersion = 16.0.30503.244
MinimumVisualStudioVersion = 10.0.40219.1
Project("{9A19103F-16F7-4668-BE54-9A1E7A4F7556}") = "WeatherBot", "WeatherBot\WeatherBot.csproj", "{48CE7EAB-0561-493C-A82D-FE1AE3519EBE}"
EndProject
Global
	GlobalSection(SolutionConfigurationPlatforms) = preSolution
		Debug|Any CPU = Debug|Any CPU
		Release|Any CPU = Release|Any CPU
	EndGlobalSection
	GlobalSection(ProjectConfigurationPlatforms) = postSolution
		{48CE7EAB-0561-493C-A82D-FE1AE3519EBE}.Debug|Any CPU.ActiveCfg = Debug|Any CPU
		{48CE7EAB-0561-493C-A82D-FE1AE3519EBE}.Debug|Any CPU.Build.0 = Debug|Any CPU
		{48CE7EAB-0561-493C-A82D-FE1AE3519EBE}.Release|Any CPU.ActiveCfg = Release|Any CPU
		{48CE7EAB-0561-493C-A82D-FE1AE3519EBE}.Release|Any CPU.Build.0 = Release|Any CPU
	EndGlobalSection
	GlobalSection(SolutionProperties) = preSolution
		HideSolutionNode = FALSE
	EndGlobalSection
	GlobalSection(ExtensibilityGlobals) = postSolution
		SolutionGuid = {63CEDF89-A674-48F3-BEB4-20C89C40B27D}
	EndGlobalSection
EndGlobal
